
Microsoft Visual Studio Solution File, Format Version 12.00
Project("{FAE04EC0-301F-11D3-BF4B-00C04F79EFBC}") = "stack1.1", "stack1.1.csproj", "{B09E0161-F91D-47B3-9D58-D368B35F503C}"
EndProject
Global
	GlobalSection(SolutionConfigurationPlatforms) = preSolution
		Debug|Any CPU = Debug|Any CPU
		Release|Any CPU = Release|Any CPU
	EndGlobalSection
	GlobalSection(ProjectConfigurationPlatforms) = postSolution
		{B09E0161-F91D-47B3-9D58-D368B35F503C}.Debug|Any CPU.ActiveCfg = Debug|Any CPU
		{B09E0161-F91D-47B3-9D58-D368B35F503C}.Debug|Any CPU.Build.0 = Debug|Any CPU
		{B09E0161-F91D-47B3-9D58-D368B35F503C}.Release|Any CPU.ActiveCfg = Release|Any CPU
		{B09E0161-F91D-47B3-9D58-D368B35F503C}.Release|Any CPU.Build.0 = Release|Any CPU
	EndGlobalSection
EndGlobal
